
Microsoft Visual Studio Solution File, Format Version 12.00
# Visual Studio Version 17
VisualStudioVersion = 17.3.32901.215
MinimumVisualStudioVersion = 10.0.40219.1
Project("{FAE04EC0-301F-11D3-BF4B-00C04F79EFBC}") = "HouseRentingSystem", "HouseRentingSystem\HouseRentingSystem.csproj", "{19020018-3DA1-493A-9382-4813EC9E6E28}"
EndProject
Global
	GlobalSection(SolutionConfigurationPlatforms) = preSolution
		Debug|Any CPU = Debug|Any CPU
		Release|Any CPU = Release|Any CPU
	EndGlobalSection
	GlobalSection(ProjectConfigurationPlatforms) = postSolution
		{19020018-3DA1-493A-9382-4813EC9E6E28}.Debug|Any CPU.ActiveCfg = Debug|Any CPU
		{19020018-3DA1-493A-9382-4813EC9E6E28}.Debug|Any CPU.Build.0 = Debug|Any CPU
		{19020018-3DA1-493A-9382-4813EC9E6E28}.Release|Any CPU.ActiveCfg = Release|Any CPU
		{19020018-3DA1-493A-9382-4813EC9E6E28}.Release|Any CPU.Build.0 = Release|Any CPU
	EndGlobalSection
	GlobalSection(SolutionProperties) = preSolution
		HideSolutionNode = FALSE
	EndGlobalSection
	GlobalSection(ExtensibilityGlobals) = postSolution
		SolutionGuid = {12AB62AC-EF98-4B57-A110-C289889E47A4}
	EndGlobalSection
EndGlobal
